<?xml version="1.0" encoding="utf-8"?>
<Project ToolsVersion="4.0" xmlns="http://schemas.microsoft.com/developer/msbuild/2003">
  <ItemGroup>
    <Filter Include="Quelldateien">
      <UniqueIdentifier>{4FC737F1-C7A5-4376-A066-2A32D752A2FF}</UniqueIdentifier>
      <Extensions>cpp;c;cc;cxx;def;odl;idl;hpj;bat;asm;asmx</Extensions>
    </Filter>
    <Filter Include="Headerdateien">
      <UniqueIdentifier>{93995380-89BD-4b04-88EB-625FBE52EBFB}</UniqueIdentifier>
      <Extensions>h;hh;hpp;hxx;hm;inl;inc;ipp;xsd</Extensions>
    </Filter>
    <Filter Include="Ressourcendateien">
      <UniqueIdentifier>{67DA6AB6-F800-4c08-8B7A-83BB121AAD01}</UniqueIdentifier>
      <Extensions>rc;ico;cur;bmp;dlg;rc2;rct;bin;rgs;gif;jpg;jpeg;jpe;resx;tiff;tif;png;wav;mfcribbon-ms</Extensions>
    </Filter>
    <Filter Include="Scene Elements">
      <UniqueIdentifier>{46e0ac27-8db4-409d-acb0-3b8c0d260684}</UniqueIdentifier>
    </Filter>
    <Filter Include="Shaders">
      <UniqueIdentifier>{9563eedd-902c-443f-8fb8-2f752a7be9f8}</UniqueIdentifier>
    </Filter>
    <Filter Include="WinContext">
      <UniqueIdentifier>{57ac9206-d9b6-4374-b5dc-fe141dc39c0a}</UniqueIdentifier>
    </Filter>
  </ItemGroup>
  <ItemGroup>
    <ClCompile Include="Camera.cpp">
      <Filter>Scene Elements</Filter>
    </ClCompile>
    <ClCompile Include="CoordAxes3D.cpp">
      <Filter>Scene Elements</Filter>
    </ClCompile>
    <ClCompile Include="Ground.cpp">
      <Filter>Scene Elements</Filter>
    </ClCompile>
    <ClCompile Include="Scene.cpp">
      <Filter>Scene Elements</Filter>
    </ClCompile>
    <ClCompile Include="SceneObjectBase.cpp">
      <Filter>Scene Elements</Filter>
    </ClCompile>
    <ClCompile Include="ShaderBase.cpp">
      <Filter>Shaders</Filter>
    </ClCompile>
    <ClCompile Include="Form.cpp">
      <Filter>WinContext</Filter>
    </ClCompile>
    <ClCompile Include="main.cpp">
      <Filter>Quelldateien</Filter>
    </ClCompile>
  </ItemGroup>
  <ItemGroup>
    <ClInclude Include="sceneElements.h">
      <Filter>Headerdateien</Filter>
    </ClInclude>
    <ClInclude Include="shaders.h">
      <Filter>Headerdateien</Filter>
    </ClInclude>
    <ClInclude Include="winContext.h">
      <Filter>Headerdateien</Filter>
    </ClInclude>
  </ItemGroup>
</Project>